{
  "object": {
    "pins": [
      {
        "package": "ANReactiveTableKit",
        "repositoryURL": "https://github.com/anayini/ANReactiveTableKit.git",
        "state": {
          "branch": "dev",
          "revision": "246f894eff8889eb2a146285a26d4d2689a644e5",
          "version": null
        }
      }
    ]
  },
  "version": 1
}
